
Microsoft Visual Studio Solution File, Format Version 12.00
# Visual Studio 15
VisualStudioVersion = 15.0.27428.2015
MinimumVisualStudioVersion = 10.0.40219.1
Project("{FAE04EC0-301F-11D3-BF4B-00C04F79EFBC}") = "Doors", "Doors\Doors.csproj", "{0D89AF18-D6A2-4A98-A824-A8D8D58558FD}"
EndProject
Global
	GlobalSection(SolutionConfigurationPlatforms) = preSolution
		Debug|Any CPU = Debug|Any CPU
		Release|Any CPU = Release|Any CPU
	EndGlobalSection
	GlobalSection(ProjectConfigurationPlatforms) = postSolution
		{0D89AF18-D6A2-4A98-A824-A8D8D58558FD}.Debug|Any CPU.ActiveCfg = Debug|Any CPU
		{0D89AF18-D6A2-4A98-A824-A8D8D58558FD}.Debug|Any CPU.Build.0 = Debug|Any CPU
		{0D89AF18-D6A2-4A98-A824-A8D8D58558FD}.Release|Any CPU.ActiveCfg = Release|Any CPU
		{0D89AF18-D6A2-4A98-A824-A8D8D58558FD}.Release|Any CPU.Build.0 = Release|Any CPU
	EndGlobalSection
	GlobalSection(SolutionProperties) = preSolution
		HideSolutionNode = FALSE
	EndGlobalSection
	GlobalSection(ExtensibilityGlobals) = postSolution
		SolutionGuid = {FA1B7DA1-D66C-410F-844E-A7FC24B1862D}
	EndGlobalSection
EndGlobal
